
Microsoft Visual Studio Solution File, Format Version 12.00
# Visual Studio Version 17
VisualStudioVersion = 17.0.31903.59
MinimumVisualStudioVersion = 10.0.40219.1
Project("{2150E333-8FDC-42A3-9474-1A3956D46DE8}") = "src", "src", "{827E0CD3-B72D-47B6-A68D-7590B98EB39B}"
EndProject
Project("{FAE04EC0-301F-11D3-BF4B-00C04F79EFBC}") = "Nexus.Core", "src\Nexus.Core\Nexus.Core.csproj", "{40362508-6289-4FA6-A4AC-B48C50160DA7}"
EndProject
Project("{FAE04EC0-301F-11D3-BF4B-00C04F79EFBC}") = "Nexus.Application", "src\Nexus.Application\Nexus.Application.csproj", "{BE04279E-640C-4A1A-A4FE-13F95EE14C2B}"
EndProject
Project("{FAE04EC0-301F-11D3-BF4B-00C04F79EFBC}") = "Nexus.Infrastructure", "src\Nexus.Infrastructure\Nexus.Infrastructure.csproj", "{2CB49FFF-6CA2-4CC4-8CC2-51F522B4A838}"
EndProject
Project("{FAE04EC0-301F-11D3-BF4B-00C04F79EFBC}") = "Nexus.WpfUi", "src\Nexus.WpfUi\Nexus.WpfUi.csproj", "{B83EEF57-77B0-4F58-B1D8-D0B5608570CA}"
EndProject
Project("{2150E333-8FDC-42A3-9474-1A3956D46DE8}") = "tests", "tests", "{0AB3BF05-4346-4AA6-1389-037BE0695223}"
EndProject
Project("{FAE04EC0-301F-11D3-BF4B-00C04F79EFBC}") = "Nexus.Tests.Unit", "tests\Nexus.Tests.Unit\Nexus.Tests.Unit.csproj", "{E589F90B-793E-4A6D-ACF6-C22C75300275}"
EndProject
Project("{FAE04EC0-301F-11D3-BF4B-00C04F79EFBC}") = "Nexus.Tests.Integration", "tests\Nexus.Tests.Integration\Nexus.Tests.Integration.csproj", "{274BF995-8B08-470E-9789-42AB477B0ECD}"
EndProject
Project("{FAE04EC0-301F-11D3-BF4B-00C04F79EFBC}") = "Nexus.Tests.EndToEnd", "tests\Nexus.Tests.EndToEnd\Nexus.Tests.EndToEnd.csproj", "{4010B6E3-FF80-48F4-AAFB-73F2D3739A06}"
EndProject
Project("{FAE04EC0-301F-11D3-BF4B-00C04F79EFBC}") = "Nexus.Desktop", "src\Nexus.Desktop\Nexus.Desktop.csproj", "{4ADE68A2-D543-41CE-B5B1-3A36E881DA11}"
EndProject
Project("{FAE04EC0-301F-11D3-BF4B-00C04F79EFBC}") = "Nexus.AI", "src\Nexus.AI\Nexus.AI.csproj", "{E86FDEDA-8A7D-43DD-8B32-325D2DA8E3DD}"
EndProject
Project("{FAE04EC0-301F-11D3-BF4B-00C04F79EFBC}") = "Nexus.Infrastructure.Native", "src\Nexus.Infrastructure.Native\Nexus.Infrastructure.Native.csproj", "{3827758D-0FAD-4464-AA5D-63EC8964B7E4}"
EndProject
Project("{FAE04EC0-301F-11D3-BF4B-00C04F79EFBC}") = "Nexus.Training", "src\Nexus.Training\Nexus.Training.csproj", "{7FA95773-20A1-4597-BE80-215A6104C8DD}"
EndProject
Project("{FAE04EC0-301F-11D3-BF4B-00C04F79EFBC}") = "Nexus.Execution", "src\Nexus.Execution\Nexus.Execution.csproj", "{61A26CD5-666C-41B7-8ECB-127E22594415}"
EndProject
Project("{FAE04EC0-301F-11D3-BF4B-00C04F79EFBC}") = "Nexus.DecisionEngine", "src\Nexus.DecisionEngine\Nexus.DecisionEngine.csproj", "{85F0E32A-A036-4BD3-B682-191A56B9FF5D}"
EndProject
Project("{FAE04EC0-301F-11D3-BF4B-00C04F79EFBC}") = "Nexus.MarketIntelligence", "src\Nexus.MarketIntelligence\Nexus.MarketIntelligence.csproj", "{02E85577-AF4A-4066-B5E2-FB1522C70B82}"
EndProject
Global
	GlobalSection(SolutionConfigurationPlatforms) = preSolution
		Debug|Any CPU = Debug|Any CPU
		Debug|x64 = Debug|x64
		Debug|x86 = Debug|x86
		Release|Any CPU = Release|Any CPU
		Release|x64 = Release|x64
		Release|x86 = Release|x86
	EndGlobalSection
	GlobalSection(ProjectConfigurationPlatforms) = postSolution
		{40362508-6289-4FA6-A4AC-B48C50160DA7}.Debug|Any CPU.ActiveCfg = Debug|Any CPU
		{40362508-6289-4FA6-A4AC-B48C50160DA7}.Debug|Any CPU.Build.0 = Debug|Any CPU
		{40362508-6289-4FA6-A4AC-B48C50160DA7}.Debug|x64.ActiveCfg = Debug|Any CPU
		{40362508-6289-4FA6-A4AC-B48C50160DA7}.Debug|x64.Build.0 = Debug|Any CPU
		{40362508-6289-4FA6-A4AC-B48C50160DA7}.Debug|x86.ActiveCfg = Debug|Any CPU
		{40362508-6289-4FA6-A4AC-B48C50160DA7}.Debug|x86.Build.0 = Debug|Any CPU
		{40362508-6289-4FA6-A4AC-B48C50160DA7}.Release|Any CPU.ActiveCfg = Release|Any CPU
		{40362508-6289-4FA6-A4AC-B48C50160DA7}.Release|Any CPU.Build.0 = Release|Any CPU
		{40362508-6289-4FA6-A4AC-B48C50160DA7}.Release|x64.ActiveCfg = Release|Any CPU
		{40362508-6289-4FA6-A4AC-B48C50160DA7}.Release|x64.Build.0 = Release|Any CPU
		{40362508-6289-4FA6-A4AC-B48C50160DA7}.Release|x86.ActiveCfg = Release|Any CPU
		{40362508-6289-4FA6-A4AC-B48C50160DA7}.Release|x86.Build.0 = Release|Any CPU
		{BE04279E-640C-4A1A-A4FE-13F95EE14C2B}.Debug|Any CPU.ActiveCfg = Debug|Any CPU
		{BE04279E-640C-4A1A-A4FE-13F95EE14C2B}.Debug|Any CPU.Build.0 = Debug|Any CPU
		{BE04279E-640C-4A1A-A4FE-13F95EE14C2B}.Debug|x64.ActiveCfg = Debug|Any CPU
		{BE04279E-640C-4A1A-A4FE-13F95EE14C2B}.Debug|x64.Build.0 = Debug|Any CPU
		{BE04279E-640C-4A1A-A4FE-13F95EE14C2B}.Debug|x86.ActiveCfg = Debug|Any CPU
		{BE04279E-640C-4A1A-A4FE-13F95EE14C2B}.Debug|x86.Build.0 = Debug|Any CPU
		{BE04279E-640C-4A1A-A4FE-13F95EE14C2B}.Release|Any CPU.ActiveCfg = Release|Any CPU
		{BE04279E-640C-4A1A-A4FE-13F95EE14C2B}.Release|Any CPU.Build.0 = Release|Any CPU
		{BE04279E-640C-4A1A-A4FE-13F95EE14C2B}.Release|x64.ActiveCfg = Release|Any CPU
		{BE04279E-640C-4A1A-A4FE-13F95EE14C2B}.Release|x64.Build.0 = Release|Any CPU
		{BE04279E-640C-4A1A-A4FE-13F95EE14C2B}.Release|x86.ActiveCfg = Release|Any CPU
		{BE04279E-640C-4A1A-A4FE-13F95EE14C2B}.Release|x86.Build.0 = Release|Any CPU
		{2CB49FFF-6CA2-4CC4-8CC2-51F522B4A838}.Debug|Any CPU.ActiveCfg = Debug|Any CPU
		{2CB49FFF-6CA2-4CC4-8CC2-51F522B4A838}.Debug|Any CPU.Build.0 = Debug|Any CPU
		{2CB49FFF-6CA2-4CC4-8CC2-51F522B4A838}.Debug|x64.ActiveCfg = Debug|Any CPU
		{2CB49FFF-6CA2-4CC4-8CC2-51F522B4A838}.Debug|x64.Build.0 = Debug|Any CPU
		{2CB49FFF-6CA2-4CC4-8CC2-51F522B4A838}.Debug|x86.ActiveCfg = Debug|Any CPU
		{2CB49FFF-6CA2-4CC4-8CC2-51F522B4A838}.Debug|x86.Build.0 = Debug|Any CPU
		{2CB49FFF-6CA2-4CC4-8CC2-51F522B4A838}.Release|Any CPU.ActiveCfg = Release|Any CPU
		{2CB49FFF-6CA2-4CC4-8CC2-51F522B4A838}.Release|Any CPU.Build.0 = Release|Any CPU
		{2CB49FFF-6CA2-4CC4-8CC2-51F522B4A838}.Release|x64.ActiveCfg = Release|Any CPU
		{2CB49FFF-6CA2-4CC4-8CC2-51F522B4A838}.Release|x64.Build.0 = Release|Any CPU
		{2CB49FFF-6CA2-4CC4-8CC2-51F522B4A838}.Release|x86.ActiveCfg = Release|Any CPU
		{2CB49FFF-6CA2-4CC4-8CC2-51F522B4A838}.Release|x86.Build.0 = Release|Any CPU
		{B83EEF57-77B0-4F58-B1D8-D0B5608570CA}.Debug|Any CPU.ActiveCfg = Debug|Any CPU
		{B83EEF57-77B0-4F58-B1D8-D0B5608570CA}.Debug|Any CPU.Build.0 = Debug|Any CPU
		{B83EEF57-77B0-4F58-B1D8-D0B5608570CA}.Debug|x64.ActiveCfg = Debug|Any CPU
		{B83EEF57-77B0-4F58-B1D8-D0B5608570CA}.Debug|x64.Build.0 = Debug|Any CPU
		{B83EEF57-77B0-4F58-B1D8-D0B5608570CA}.Debug|x86.ActiveCfg = Debug|Any CPU
		{B83EEF57-77B0-4F58-B1D8-D0B5608570CA}.Debug|x86.Build.0 = Debug|Any CPU
		{B83EEF57-77B0-4F58-B1D8-D0B5608570CA}.Release|Any CPU.ActiveCfg = Release|Any CPU
		{B83EEF57-77B0-4F58-B1D8-D0B5608570CA}.Release|Any CPU.Build.0 = Release|Any CPU
		{B83EEF57-77B0-4F58-B1D8-D0B5608570CA}.Release|x64.ActiveCfg = Release|Any CPU
		{B83EEF57-77B0-4F58-B1D8-D0B5608570CA}.Release|x64.Build.0 = Release|Any CPU
		{B83EEF57-77B0-4F58-B1D8-D0B5608570CA}.Release|x86.ActiveCfg = Release|Any CPU
		{B83EEF57-77B0-4F58-B1D8-D0B5608570CA}.Release|x86.Build.0 = Release|Any CPU
		{E589F90B-793E-4A6D-ACF6-C22C75300275}.Debug|Any CPU.ActiveCfg = Debug|Any CPU
		{E589F90B-793E-4A6D-ACF6-C22C75300275}.Debug|Any CPU.Build.0 = Debug|Any CPU
		{E589F90B-793E-4A6D-ACF6-C22C75300275}.Debug|x64.ActiveCfg = Debug|Any CPU
		{E589F90B-793E-4A6D-ACF6-C22C75300275}.Debug|x64.Build.0 = Debug|Any CPU
		{E589F90B-793E-4A6D-ACF6-C22C75300275}.Debug|x86.ActiveCfg = Debug|Any CPU
		{E589F90B-793E-4A6D-ACF6-C22C75300275}.Debug|x86.Build.0 = Debug|Any CPU
		{E589F90B-793E-4A6D-ACF6-C22C75300275}.Release|Any CPU.ActiveCfg = Release|Any CPU
		{E589F90B-793E-4A6D-ACF6-C22C75300275}.Release|Any CPU.Build.0 = Release|Any CPU
		{E589F90B-793E-4A6D-ACF6-C22C75300275}.Release|x64.ActiveCfg = Release|Any CPU
		{E589F90B-793E-4A6D-ACF6-C22C75300275}.Release|x64.Build.0 = Release|Any CPU
		{E589F90B-793E-4A6D-ACF6-C22C75300275}.Release|x86.ActiveCfg = Release|Any CPU
		{E589F90B-793E-4A6D-ACF6-C22C75300275}.Release|x86.Build.0 = Release|Any CPU
		{274BF995-8B08-470E-9789-42AB477B0ECD}.Debug|Any CPU.ActiveCfg = Debug|Any CPU
		{274BF995-8B08-470E-9789-42AB477B0ECD}.Debug|Any CPU.Build.0 = Debug|Any CPU
		{274BF995-8B08-470E-9789-42AB477B0ECD}.Debug|x64.ActiveCfg = Debug|Any CPU
		{274BF995-8B08-470E-9789-42AB477B0ECD}.Debug|x64.Build.0 = Debug|Any CPU
		{274BF995-8B08-470E-9789-42AB477B0ECD}.Debug|x86.ActiveCfg = Debug|Any CPU
		{274BF995-8B08-470E-9789-42AB477B0ECD}.Debug|x86.Build.0 = Debug|Any CPU
		{274BF995-8B08-470E-9789-42AB477B0ECD}.Release|Any CPU.ActiveCfg = Release|Any CPU
		{274BF995-8B08-470E-9789-42AB477B0ECD}.Release|Any CPU.Build.0 = Release|Any CPU
		{274BF995-8B08-470E-9789-42AB477B0ECD}.Release|x64.ActiveCfg = Release|Any CPU
		{274BF995-8B08-470E-9789-42AB477B0ECD}.Release|x64.Build.0 = Release|Any CPU
		{274BF995-8B08-470E-9789-42AB477B0ECD}.Release|x86.ActiveCfg = Release|Any CPU
		{274BF995-8B08-470E-9789-42AB477B0ECD}.Release|x86.Build.0 = Release|Any CPU
		{4010B6E3-FF80-48F4-AAFB-73F2D3739A06}.Debug|Any CPU.ActiveCfg = Debug|Any CPU
		{4010B6E3-FF80-48F4-AAFB-73F2D3739A06}.Debug|Any CPU.Build.0 = Debug|Any CPU
		{4010B6E3-FF80-48F4-AAFB-73F2D3739A06}.Debug|x64.ActiveCfg = Debug|Any CPU
		{4010B6E3-FF80-48F4-AAFB-73F2D3739A06}.Debug|x64.Build.0 = Debug|Any CPU
		{4010B6E3-FF80-48F4-AAFB-73F2D3739A06}.Debug|x86.ActiveCfg = Debug|Any CPU
		{4010B6E3-FF80-48F4-AAFB-73F2D3739A06}.Debug|x86.Build.0 = Debug|Any CPU
		{4010B6E3-FF80-48F4-AAFB-73F2D3739A06}.Release|Any CPU.ActiveCfg = Release|Any CPU
		{4010B6E3-FF80-48F4-AAFB-73F2D3739A06}.Release|Any CPU.Build.0 = Release|Any CPU
		{4010B6E3-FF80-48F4-AAFB-73F2D3739A06}.Release|x64.ActiveCfg = Release|Any CPU
		{4010B6E3-FF80-48F4-AAFB-73F2D3739A06}.Release|x64.Build.0 = Release|Any CPU
		{4010B6E3-FF80-48F4-AAFB-73F2D3739A06}.Release|x86.ActiveCfg = Release|Any CPU
		{4010B6E3-FF80-48F4-AAFB-73F2D3739A06}.Release|x86.Build.0 = Release|Any CPU
		{4ADE68A2-D543-41CE-B5B1-3A36E881DA11}.Debug|Any CPU.ActiveCfg = Debug|Any CPU
		{4ADE68A2-D543-41CE-B5B1-3A36E881DA11}.Debug|Any CPU.Build.0 = Debug|Any CPU
		{4ADE68A2-D543-41CE-B5B1-3A36E881DA11}.Debug|x64.ActiveCfg = Debug|Any CPU
		{4ADE68A2-D543-41CE-B5B1-3A36E881DA11}.Debug|x64.Build.0 = Debug|Any CPU
		{4ADE68A2-D543-41CE-B5B1-3A36E881DA11}.Debug|x86.ActiveCfg = Debug|Any CPU
		{4ADE68A2-D543-41CE-B5B1-3A36E881DA11}.Debug|x86.Build.0 = Debug|Any CPU
		{4ADE68A2-D543-41CE-B5B1-3A36E881DA11}.Release|Any CPU.ActiveCfg = Release|Any CPU
		{4ADE68A2-D543-41CE-B5B1-3A36E881DA11}.Release|Any CPU.Build.0 = Release|Any CPU
		{4ADE68A2-D543-41CE-B5B1-3A36E881DA11}.Release|x64.ActiveCfg = Release|Any CPU
		{4ADE68A2-D543-41CE-B5B1-3A36E881DA11}.Release|x64.Build.0 = Release|Any CPU
		{4ADE68A2-D543-41CE-B5B1-3A36E881DA11}.Release|x86.ActiveCfg = Release|Any CPU
		{4ADE68A2-D543-41CE-B5B1-3A36E881DA11}.Release|x86.Build.0 = Release|Any CPU
		{E86FDEDA-8A7D-43DD-8B32-325D2DA8E3DD}.Debug|Any CPU.ActiveCfg = Debug|Any CPU
		{E86FDEDA-8A7D-43DD-8B32-325D2DA8E3DD}.Debug|Any CPU.Build.0 = Debug|Any CPU
		{E86FDEDA-8A7D-43DD-8B32-325D2DA8E3DD}.Debug|x64.ActiveCfg = Debug|Any CPU
		{E86FDEDA-8A7D-43DD-8B32-325D2DA8E3DD}.Debug|x64.Build.0 = Debug|Any CPU
		{E86FDEDA-8A7D-43DD-8B32-325D2DA8E3DD}.Debug|x86.ActiveCfg = Debug|Any CPU
		{E86FDEDA-8A7D-43DD-8B32-325D2DA8E3DD}.Debug|x86.Build.0 = Debug|Any CPU
		{E86FDEDA-8A7D-43DD-8B32-325D2DA8E3DD}.Release|Any CPU.ActiveCfg = Release|Any CPU
		{E86FDEDA-8A7D-43DD-8B32-325D2DA8E3DD}.Release|Any CPU.Build.0 = Release|Any CPU
		{E86FDEDA-8A7D-43DD-8B32-325D2DA8E3DD}.Release|x64.ActiveCfg = Release|Any CPU
		{E86FDEDA-8A7D-43DD-8B32-325D2DA8E3DD}.Release|x64.Build.0 = Release|Any CPU
		{E86FDEDA-8A7D-43DD-8B32-325D2DA8E3DD}.Release|x86.ActiveCfg = Release|Any CPU
		{E86FDEDA-8A7D-43DD-8B32-325D2DA8E3DD}.Release|x86.Build.0 = Release|Any CPU
		{3827758D-0FAD-4464-AA5D-63EC8964B7E4}.Debug|Any CPU.ActiveCfg = Debug|Any CPU
		{3827758D-0FAD-4464-AA5D-63EC8964B7E4}.Debug|Any CPU.Build.0 = Debug|Any CPU
		{3827758D-0FAD-4464-AA5D-63EC8964B7E4}.Debug|x64.ActiveCfg = Debug|Any CPU
		{3827758D-0FAD-4464-AA5D-63EC8964B7E4}.Debug|x64.Build.0 = Debug|Any CPU
		{3827758D-0FAD-4464-AA5D-63EC8964B7E4}.Debug|x86.ActiveCfg = Debug|Any CPU
		{3827758D-0FAD-4464-AA5D-63EC8964B7E4}.Debug|x86.Build.0 = Debug|Any CPU
		{3827758D-0FAD-4464-AA5D-63EC8964B7E4}.Release|Any CPU.ActiveCfg = Release|Any CPU
		{3827758D-0FAD-4464-AA5D-63EC8964B7E4}.Release|Any CPU.Build.0 = Release|Any CPU
		{3827758D-0FAD-4464-AA5D-63EC8964B7E4}.Release|x64.ActiveCfg = Release|Any CPU
		{3827758D-0FAD-4464-AA5D-63EC8964B7E4}.Release|x64.Build.0 = Release|Any CPU
		{3827758D-0FAD-4464-AA5D-63EC8964B7E4}.Release|x86.ActiveCfg = Release|Any CPU
		{3827758D-0FAD-4464-AA5D-63EC8964B7E4}.Release|x86.Build.0 = Release|Any CPU
		{7FA95773-20A1-4597-BE80-215A6104C8DD}.Debug|Any CPU.ActiveCfg = Debug|Any CPU
		{7FA95773-20A1-4597-BE80-215A6104C8DD}.Debug|Any CPU.Build.0 = Debug|Any CPU
		{7FA95773-20A1-4597-BE80-215A6104C8DD}.Debug|x64.ActiveCfg = Debug|Any CPU
		{7FA95773-20A1-4597-BE80-215A6104C8DD}.Debug|x64.Build.0 = Debug|Any CPU
		{7FA95773-20A1-4597-BE80-215A6104C8DD}.Debug|x86.ActiveCfg = Debug|Any CPU
		{7FA95773-20A1-4597-BE80-215A6104C8DD}.Debug|x86.Build.0 = Debug|Any CPU
		{7FA95773-20A1-4597-BE80-215A6104C8DD}.Release|Any CPU.ActiveCfg = Release|Any CPU
		{7FA95773-20A1-4597-BE80-215A6104C8DD}.Release|Any CPU.Build.0 = Release|Any CPU
		{7FA95773-20A1-4597-BE80-215A6104C8DD}.Release|x64.ActiveCfg = Release|Any CPU
		{7FA95773-20A1-4597-BE80-215A6104C8DD}.Release|x64.Build.0 = Release|Any CPU
		{7FA95773-20A1-4597-BE80-215A6104C8DD}.Release|x86.ActiveCfg = Release|Any CPU
		{7FA95773-20A1-4597-BE80-215A6104C8DD}.Release|x86.Build.0 = Release|Any CPU
		{61A26CD5-666C-41B7-8ECB-127E22594415}.Debug|Any CPU.ActiveCfg = Debug|Any CPU
		{61A26CD5-666C-41B7-8ECB-127E22594415}.Debug|Any CPU.Build.0 = Debug|Any CPU
		{61A26CD5-666C-41B7-8ECB-127E22594415}.Debug|x64.ActiveCfg = Debug|Any CPU
		{61A26CD5-666C-41B7-8ECB-127E22594415}.Debug|x64.Build.0 = Debug|Any CPU
		{61A26CD5-666C-41B7-8ECB-127E22594415}.Debug|x86.ActiveCfg = Debug|Any CPU
		{61A26CD5-666C-41B7-8ECB-127E22594415}.Debug|x86.Build.0 = Debug|Any CPU
		{61A26CD5-666C-41B7-8ECB-127E22594415}.Release|Any CPU.ActiveCfg = Release|Any CPU
		{61A26CD5-666C-41B7-8ECB-127E22594415}.Release|Any CPU.Build.0 = Release|Any CPU
		{61A26CD5-666C-41B7-8ECB-127E22594415}.Release|x64.ActiveCfg = Release|Any CPU
		{61A26CD5-666C-41B7-8ECB-127E22594415}.Release|x64.Build.0 = Release|Any CPU
		{61A26CD5-666C-41B7-8ECB-127E22594415}.Release|x86.ActiveCfg = Release|Any CPU
		{61A26CD5-666C-41B7-8ECB-127E22594415}.Release|x86.Build.0 = Release|Any CPU
		{85F0E32A-A036-4BD3-B682-191A56B9FF5D}.Debug|Any CPU.ActiveCfg = Debug|Any CPU
		{85F0E32A-A036-4BD3-B682-191A56B9FF5D}.Debug|Any CPU.Build.0 = Debug|Any CPU
		{85F0E32A-A036-4BD3-B682-191A56B9FF5D}.Debug|x64.ActiveCfg = Debug|Any CPU
		{85F0E32A-A036-4BD3-B682-191A56B9FF5D}.Debug|x64.Build.0 = Debug|Any CPU
		{85F0E32A-A036-4BD3-B682-191A56B9FF5D}.Debug|x86.ActiveCfg = Debug|Any CPU
		{85F0E32A-A036-4BD3-B682-191A56B9FF5D}.Debug|x86.Build.0 = Debug|Any CPU
		{85F0E32A-A036-4BD3-B682-191A56B9FF5D}.Release|Any CPU.ActiveCfg = Release|Any CPU
		{85F0E32A-A036-4BD3-B682-191A56B9FF5D}.Release|Any CPU.Build.0 = Release|Any CPU
		{85F0E32A-A036-4BD3-B682-191A56B9FF5D}.Release|x64.ActiveCfg = Release|Any CPU
		{85F0E32A-A036-4BD3-B682-191A56B9FF5D}.Release|x64.Build.0 = Release|Any CPU
		{85F0E32A-A036-4BD3-B682-191A56B9FF5D}.Release|x86.ActiveCfg = Release|Any CPU
		{85F0E32A-A036-4BD3-B682-191A56B9FF5D}.Release|x86.Build.0 = Release|Any CPU
		{02E85577-AF4A-4066-B5E2-FB1522C70B82}.Debug|Any CPU.ActiveCfg = Debug|Any CPU
		{02E85577-AF4A-4066-B5E2-FB1522C70B82}.Debug|Any CPU.Build.0 = Debug|Any CPU
		{02E85577-AF4A-4066-B5E2-FB1522C70B82}.Debug|x64.ActiveCfg = Debug|Any CPU
		{02E85577-AF4A-4066-B5E2-FB1522C70B82}.Debug|x64.Build.0 = Debug|Any CPU
		{02E85577-AF4A-4066-B5E2-FB1522C70B82}.Debug|x86.ActiveCfg = Debug|Any CPU
		{02E85577-AF4A-4066-B5E2-FB1522C70B82}.Debug|x86.Build.0 = Debug|Any CPU
		{02E85577-AF4A-4066-B5E2-FB1522C70B82}.Release|Any CPU.ActiveCfg = Release|Any CPU
		{02E85577-AF4A-4066-B5E2-FB1522C70B82}.Release|Any CPU.Build.0 = Release|Any CPU
		{02E85577-AF4A-4066-B5E2-FB1522C70B82}.Release|x64.ActiveCfg = Release|Any CPU
		{02E85577-AF4A-4066-B5E2-FB1522C70B82}.Release|x64.Build.0 = Release|Any CPU
		{02E85577-AF4A-4066-B5E2-FB1522C70B82}.Release|x86.ActiveCfg = Release|Any CPU
		{02E85577-AF4A-4066-B5E2-FB1522C70B82}.Release|x86.Build.0 = Release|Any CPU
	EndGlobalSection
	GlobalSection(SolutionProperties) = preSolution
		HideSolutionNode = FALSE
	EndGlobalSection
	GlobalSection(NestedProjects) = preSolution
		{40362508-6289-4FA6-A4AC-B48C50160DA7} = {827E0CD3-B72D-47B6-A68D-7590B98EB39B}
		{BE04279E-640C-4A1A-A4FE-13F95EE14C2B} = {827E0CD3-B72D-47B6-A68D-7590B98EB39B}
		{2CB49FFF-6CA2-4CC4-8CC2-51F522B4A838} = {827E0CD3-B72D-47B6-A68D-7590B98EB39B}
		{B83EEF57-77B0-4F58-B1D8-D0B5608570CA} = {827E0CD3-B72D-47B6-A68D-7590B98EB39B}
		{E589F90B-793E-4A6D-ACF6-C22C75300275} = {0AB3BF05-4346-4AA6-1389-037BE0695223}
		{274BF995-8B08-470E-9789-42AB477B0ECD} = {0AB3BF05-4346-4AA6-1389-037BE0695223}
		{4010B6E3-FF80-48F4-AAFB-73F2D3739A06} = {0AB3BF05-4346-4AA6-1389-037BE0695223}
		{4ADE68A2-D543-41CE-B5B1-3A36E881DA11} = {827E0CD3-B72D-47B6-A68D-7590B98EB39B}
		{E86FDEDA-8A7D-43DD-8B32-325D2DA8E3DD} = {827E0CD3-B72D-47B6-A68D-7590B98EB39B}
		{3827758D-0FAD-4464-AA5D-63EC8964B7E4} = {827E0CD3-B72D-47B6-A68D-7590B98EB39B}
		{7FA95773-20A1-4597-BE80-215A6104C8DD} = {827E0CD3-B72D-47B6-A68D-7590B98EB39B}
		{61A26CD5-666C-41B7-8ECB-127E22594415} = {827E0CD3-B72D-47B6-A68D-7590B98EB39B}
		{85F0E32A-A036-4BD3-B682-191A56B9FF5D} = {827E0CD3-B72D-47B6-A68D-7590B98EB39B}
		{02E85577-AF4A-4066-B5E2-FB1522C70B82} = {827E0CD3-B72D-47B6-A68D-7590B98EB39B}
	EndGlobalSection
EndGlobal
